
Microsoft Visual Studio Solution File, Format Version 12.00
# Visual Studio Version 17
VisualStudioVersion = 17.9.34616.47
MinimumVisualStudioVersion = 10.0.40219.1
Project("{FAE04EC0-301F-11D3-BF4B-00C04F79EFBC}") = "DAL", "DAL\DAL.csproj", "{AA40145E-E2FC-4387-A635-B6952F13F6C3}"
EndProject
Project("{FAE04EC0-301F-11D3-BF4B-00C04F79EFBC}") = "API", "API\API.csproj", "{FA65FF78-9F08-4103-9604-F9427DCA0701}"
EndProject
Global
	GlobalSection(SolutionConfigurationPlatforms) = preSolution
		Debug|Any CPU = Debug|Any CPU
		Release|Any CPU = Release|Any CPU
	EndGlobalSection
	GlobalSection(ProjectConfigurationPlatforms) = postSolution
		{AA40145E-E2FC-4387-A635-B6952F13F6C3}.Debug|Any CPU.ActiveCfg = Debug|Any CPU
		{AA40145E-E2FC-4387-A635-B6952F13F6C3}.Debug|Any CPU.Build.0 = Debug|Any CPU
		{AA40145E-E2FC-4387-A635-B6952F13F6C3}.Release|Any CPU.ActiveCfg = Release|Any CPU
		{AA40145E-E2FC-4387-A635-B6952F13F6C3}.Release|Any CPU.Build.0 = Release|Any CPU
		{FA65FF78-9F08-4103-9604-F9427DCA0701}.Debug|Any CPU.ActiveCfg = Debug|Any CPU
		{FA65FF78-9F08-4103-9604-F9427DCA0701}.Debug|Any CPU.Build.0 = Debug|Any CPU
		{FA65FF78-9F08-4103-9604-F9427DCA0701}.Release|Any CPU.ActiveCfg = Release|Any CPU
		{FA65FF78-9F08-4103-9604-F9427DCA0701}.Release|Any CPU.Build.0 = Release|Any CPU
	EndGlobalSection
	GlobalSection(SolutionProperties) = preSolution
		HideSolutionNode = FALSE
	EndGlobalSection
	GlobalSection(ExtensibilityGlobals) = postSolution
		SolutionGuid = {8BCC82AC-D884-4898-89BE-FB04C2093A05}
	EndGlobalSection
EndGlobal
